
Microsoft Visual Studio Solution File, Format Version 12.00
# Visual Studio Version 17
VisualStudioVersion = 17.6.33829.357
MinimumVisualStudioVersion = 10.0.40219.1
Project("{9A19103F-16F7-4668-BE54-9A1E7A4F7556}") = "FgisApplicationReaderLib", "FgisApplicationReaderLib\FgisApplicationReaderLib.csproj", "{6694115F-D4E2-406D-94FA-952F6793D484}"
EndProject
Project("{9A19103F-16F7-4668-BE54-9A1E7A4F7556}") = "FgisApplicationReaderTests", "FgisApplicationReaderTests\FgisApplicationReaderTests.csproj", "{8F8B2C76-9FE7-4A0D-B192-FA017481D671}"
EndProject
Global
	GlobalSection(SolutionConfigurationPlatforms) = preSolution
		Debug|Any CPU = Debug|Any CPU
		Release|Any CPU = Release|Any CPU
	EndGlobalSection
	GlobalSection(ProjectConfigurationPlatforms) = postSolution
		{6694115F-D4E2-406D-94FA-952F6793D484}.Debug|Any CPU.ActiveCfg = Debug|Any CPU
		{6694115F-D4E2-406D-94FA-952F6793D484}.Debug|Any CPU.Build.0 = Debug|Any CPU
		{6694115F-D4E2-406D-94FA-952F6793D484}.Release|Any CPU.ActiveCfg = Release|Any CPU
		{6694115F-D4E2-406D-94FA-952F6793D484}.Release|Any CPU.Build.0 = Release|Any CPU
		{8F8B2C76-9FE7-4A0D-B192-FA017481D671}.Debug|Any CPU.ActiveCfg = Debug|Any CPU
		{8F8B2C76-9FE7-4A0D-B192-FA017481D671}.Debug|Any CPU.Build.0 = Debug|Any CPU
		{8F8B2C76-9FE7-4A0D-B192-FA017481D671}.Release|Any CPU.ActiveCfg = Release|Any CPU
		{8F8B2C76-9FE7-4A0D-B192-FA017481D671}.Release|Any CPU.Build.0 = Release|Any CPU
	EndGlobalSection
	GlobalSection(SolutionProperties) = preSolution
		HideSolutionNode = FALSE
	EndGlobalSection
	GlobalSection(ExtensibilityGlobals) = postSolution
		SolutionGuid = {6B650556-B54C-4F94-84E0-D71AC7F40F81}
	EndGlobalSection
EndGlobal
