
Microsoft Visual Studio Solution File, Format Version 12.00
# Visual Studio Version 17
VisualStudioVersion = 17.6.33829.357
MinimumVisualStudioVersion = 10.0.40219.1
Project("{9A19103F-16F7-4668-BE54-9A1E7A4F7556}") = "FgisApplicationDomain", "FgisApplicationDomain\FgisApplicationDomain.csproj", "{B56F6CBF-8926-4DFF-B475-F7679099B827}"
EndProject
Project("{9A19103F-16F7-4668-BE54-9A1E7A4F7556}") = "FgisApplicationRecordsProvider", "FgisApplicationRecordsProvider\FgisApplicationRecordsProvider.csproj", "{AD1456DF-9EB4-45AD-8267-176E69B6B64A}"
EndProject
Project("{9A19103F-16F7-4668-BE54-9A1E7A4F7556}") = "FgisProtocolDomain", "FgisProtocolDomain\FgisProtocolDomain.csproj", "{95AD9E0B-814A-478F-8682-EC101AFE5204}"
EndProject
Project("{9A19103F-16F7-4668-BE54-9A1E7A4F7556}") = "FgisProtocolRecordsProvider", "FgisProtocolRecordsProvider\FgisProtocolRecordsProvider.csproj", "{8140DA4A-E9F6-4340-B715-312AFA7CFB32}"
EndProject
Project("{9A19103F-16F7-4668-BE54-9A1E7A4F7556}") = "FgisApplicationRecordsProviderTests", "FgisApplicationRecordsProviderTests\FgisApplicationRecordsProviderTests.csproj", "{9FD7C543-2EC7-4214-B2E1-48015CFBFD95}"
EndProject
Project("{9A19103F-16F7-4668-BE54-9A1E7A4F7556}") = "FgisProtocolRecordsProviderTests", "FgisProtocolRecordsProviderTests\FgisProtocolRecordsProviderTests.csproj", "{48558412-E109-435A-920D-C32490884E88}"
EndProject
Project("{9A19103F-16F7-4668-BE54-9A1E7A4F7556}") = "FsaMessageDomain", "FsaMessageDomain\FsaMessageDomain.csproj", "{BDFF8F36-01A4-417C-AEF6-C37C61E3E164}"
EndProject
Project("{9A19103F-16F7-4668-BE54-9A1E7A4F7556}") = "FsaMessageGeneratorLib", "FsaMessageGeneratorLib\FsaMessageGeneratorLib.csproj", "{0F589B6F-1911-4D4C-A241-CD86705F95B3}"
EndProject
Project("{9A19103F-16F7-4668-BE54-9A1E7A4F7556}") = "FsaMessageGeneratorTests", "FsaMessageGeneratorTests\FsaMessageGeneratorTests.csproj", "{7C2EAD67-F295-45B5-9120-AD70FD7A46AB}"
EndProject
Project("{FAE04EC0-301F-11D3-BF4B-00C04F79EFBC}") = "FsaMessageProviderLib", "FsaMessageProviderLib\FsaMessageProviderLib.csproj", "{F5E879F1-5CA8-4F58-8007-063D67556813}"
EndProject
Project("{FAE04EC0-301F-11D3-BF4B-00C04F79EFBC}") = "Contracts", "Contracts\Contracts.csproj", "{A5B63FFB-6BB8-4B95-ABD6-982CAF2C4C95}"
EndProject
Project("{FAE04EC0-301F-11D3-BF4B-00C04F79EFBC}") = "FsaMessageProviderTests", "FsaMessageProviderTests\FsaMessageProviderTests.csproj", "{64FA5BF5-2F82-4279-B3B1-99FEFEE0F8A9}"
EndProject
Global
	GlobalSection(SolutionConfigurationPlatforms) = preSolution
		Debug|Any CPU = Debug|Any CPU
		Release|Any CPU = Release|Any CPU
	EndGlobalSection
	GlobalSection(ProjectConfigurationPlatforms) = postSolution
		{B56F6CBF-8926-4DFF-B475-F7679099B827}.Debug|Any CPU.ActiveCfg = Debug|Any CPU
		{B56F6CBF-8926-4DFF-B475-F7679099B827}.Debug|Any CPU.Build.0 = Debug|Any CPU
		{B56F6CBF-8926-4DFF-B475-F7679099B827}.Release|Any CPU.ActiveCfg = Release|Any CPU
		{B56F6CBF-8926-4DFF-B475-F7679099B827}.Release|Any CPU.Build.0 = Release|Any CPU
		{AD1456DF-9EB4-45AD-8267-176E69B6B64A}.Debug|Any CPU.ActiveCfg = Debug|Any CPU
		{AD1456DF-9EB4-45AD-8267-176E69B6B64A}.Debug|Any CPU.Build.0 = Debug|Any CPU
		{AD1456DF-9EB4-45AD-8267-176E69B6B64A}.Release|Any CPU.ActiveCfg = Release|Any CPU
		{AD1456DF-9EB4-45AD-8267-176E69B6B64A}.Release|Any CPU.Build.0 = Release|Any CPU
		{95AD9E0B-814A-478F-8682-EC101AFE5204}.Debug|Any CPU.ActiveCfg = Debug|Any CPU
		{95AD9E0B-814A-478F-8682-EC101AFE5204}.Debug|Any CPU.Build.0 = Debug|Any CPU
		{95AD9E0B-814A-478F-8682-EC101AFE5204}.Release|Any CPU.ActiveCfg = Release|Any CPU
		{95AD9E0B-814A-478F-8682-EC101AFE5204}.Release|Any CPU.Build.0 = Release|Any CPU
		{8140DA4A-E9F6-4340-B715-312AFA7CFB32}.Debug|Any CPU.ActiveCfg = Debug|Any CPU
		{8140DA4A-E9F6-4340-B715-312AFA7CFB32}.Debug|Any CPU.Build.0 = Debug|Any CPU
		{8140DA4A-E9F6-4340-B715-312AFA7CFB32}.Release|Any CPU.ActiveCfg = Release|Any CPU
		{8140DA4A-E9F6-4340-B715-312AFA7CFB32}.Release|Any CPU.Build.0 = Release|Any CPU
		{9FD7C543-2EC7-4214-B2E1-48015CFBFD95}.Debug|Any CPU.ActiveCfg = Debug|Any CPU
		{9FD7C543-2EC7-4214-B2E1-48015CFBFD95}.Debug|Any CPU.Build.0 = Debug|Any CPU
		{9FD7C543-2EC7-4214-B2E1-48015CFBFD95}.Release|Any CPU.ActiveCfg = Release|Any CPU
		{9FD7C543-2EC7-4214-B2E1-48015CFBFD95}.Release|Any CPU.Build.0 = Release|Any CPU
		{48558412-E109-435A-920D-C32490884E88}.Debug|Any CPU.ActiveCfg = Debug|Any CPU
		{48558412-E109-435A-920D-C32490884E88}.Debug|Any CPU.Build.0 = Debug|Any CPU
		{48558412-E109-435A-920D-C32490884E88}.Release|Any CPU.ActiveCfg = Release|Any CPU
		{48558412-E109-435A-920D-C32490884E88}.Release|Any CPU.Build.0 = Release|Any CPU
		{BDFF8F36-01A4-417C-AEF6-C37C61E3E164}.Debug|Any CPU.ActiveCfg = Debug|Any CPU
		{BDFF8F36-01A4-417C-AEF6-C37C61E3E164}.Debug|Any CPU.Build.0 = Debug|Any CPU
		{BDFF8F36-01A4-417C-AEF6-C37C61E3E164}.Release|Any CPU.ActiveCfg = Release|Any CPU
		{BDFF8F36-01A4-417C-AEF6-C37C61E3E164}.Release|Any CPU.Build.0 = Release|Any CPU
		{0F589B6F-1911-4D4C-A241-CD86705F95B3}.Debug|Any CPU.ActiveCfg = Debug|Any CPU
		{0F589B6F-1911-4D4C-A241-CD86705F95B3}.Debug|Any CPU.Build.0 = Debug|Any CPU
		{0F589B6F-1911-4D4C-A241-CD86705F95B3}.Release|Any CPU.ActiveCfg = Release|Any CPU
		{0F589B6F-1911-4D4C-A241-CD86705F95B3}.Release|Any CPU.Build.0 = Release|Any CPU
		{7C2EAD67-F295-45B5-9120-AD70FD7A46AB}.Debug|Any CPU.ActiveCfg = Debug|Any CPU
		{7C2EAD67-F295-45B5-9120-AD70FD7A46AB}.Debug|Any CPU.Build.0 = Debug|Any CPU
		{7C2EAD67-F295-45B5-9120-AD70FD7A46AB}.Release|Any CPU.ActiveCfg = Release|Any CPU
		{7C2EAD67-F295-45B5-9120-AD70FD7A46AB}.Release|Any CPU.Build.0 = Release|Any CPU
		{F5E879F1-5CA8-4F58-8007-063D67556813}.Debug|Any CPU.ActiveCfg = Debug|Any CPU
		{F5E879F1-5CA8-4F58-8007-063D67556813}.Debug|Any CPU.Build.0 = Debug|Any CPU
		{F5E879F1-5CA8-4F58-8007-063D67556813}.Release|Any CPU.ActiveCfg = Release|Any CPU
		{F5E879F1-5CA8-4F58-8007-063D67556813}.Release|Any CPU.Build.0 = Release|Any CPU
		{A5B63FFB-6BB8-4B95-ABD6-982CAF2C4C95}.Debug|Any CPU.ActiveCfg = Debug|Any CPU
		{A5B63FFB-6BB8-4B95-ABD6-982CAF2C4C95}.Debug|Any CPU.Build.0 = Debug|Any CPU
		{A5B63FFB-6BB8-4B95-ABD6-982CAF2C4C95}.Release|Any CPU.ActiveCfg = Release|Any CPU
		{A5B63FFB-6BB8-4B95-ABD6-982CAF2C4C95}.Release|Any CPU.Build.0 = Release|Any CPU
		{64FA5BF5-2F82-4279-B3B1-99FEFEE0F8A9}.Debug|Any CPU.ActiveCfg = Debug|Any CPU
		{64FA5BF5-2F82-4279-B3B1-99FEFEE0F8A9}.Debug|Any CPU.Build.0 = Debug|Any CPU
		{64FA5BF5-2F82-4279-B3B1-99FEFEE0F8A9}.Release|Any CPU.ActiveCfg = Release|Any CPU
		{64FA5BF5-2F82-4279-B3B1-99FEFEE0F8A9}.Release|Any CPU.Build.0 = Release|Any CPU
	EndGlobalSection
	GlobalSection(SolutionProperties) = preSolution
		HideSolutionNode = FALSE
	EndGlobalSection
	GlobalSection(ExtensibilityGlobals) = postSolution
		SolutionGuid = {6B650556-B54C-4F94-84E0-D71AC7F40F81}
	EndGlobalSection
EndGlobal
